// !$*UTF8*$!
{
	archiveVersion = 1;
	classes = {
	};
	objectVersion = 55;
	objects = {

/* Begin PBXBuildFile section */
		00C18B552732988E000C1103 /* DeliveryView.swift in Sources */ = {isa = PBXBuildFile; fileRef = 00C18B542732988E000C1103 /* DeliveryView.swift */; };
		00C18B57273298C5000C1103 /* MaterialView.swift in Sources */ = {isa = PBXBuildFile; fileRef = 00C18B56273298C5000C1103 /* MaterialView.swift */; };
		00E77048273259D900C9C299 /* AddProjectViewModel.swift in Sources */ = {isa = PBXBuildFile; fileRef = 00E77047273259D900C9C299 /* AddProjectViewModel.swift */; };
		00E7704A27327AC300C9C299 /* showImagePicker.swift in Sources */ = {isa = PBXBuildFile; fileRef = 00E7704927327AC300C9C299 /* showImagePicker.swift */; };
		00F2BC9F2733C78D00E95798 /* AboutView.swift in Sources */ = {isa = PBXBuildFile; fileRef = 00F2BC9E2733C78D00E95798 /* AboutView.swift */; };
		00FE22CA2733DBEB00EF306A /* AddMaterialView.swift in Sources */ = {isa = PBXBuildFile; fileRef = 00FE22C92733DBEB00EF306A /* AddMaterialView.swift */; };
		551DD88727329E7A00E550AF /* LoginHelper.swift in Sources */ = {isa = PBXBuildFile; fileRef = 551DD88627329E7A00E550AF /* LoginHelper.swift */; };
		551DD8892732A2DF00E550AF /* Users.swift in Sources */ = {isa = PBXBuildFile; fileRef = 551DD8882732A2DF00E550AF /* Users.swift */; };
		551DD88D273302C300E550AF /* ProjectViewModel.swift in Sources */ = {isa = PBXBuildFile; fileRef = 551DD88C273302C300E550AF /* ProjectViewModel.swift */; };
		551DD8902733037E00E550AF /* MainProjectView.swift in Sources */ = {isa = PBXBuildFile; fileRef = 551DD88F2733037E00E550AF /* MainProjectView.swift */; };
		551DD8932735144500E550AF /* OnboardingViewModel.swift in Sources */ = {isa = PBXBuildFile; fileRef = 551DD8922735144500E550AF /* OnboardingViewModel.swift */; };
		5572C68A2728152900601A69 /* FinewasteApp.swift in Sources */ = {isa = PBXBuildFile; fileRef = 5572C6892728152900601A69 /* FinewasteApp.swift */; };
		5572C68C2728152900601A69 /* ContentView.swift in Sources */ = {isa = PBXBuildFile; fileRef = 5572C68B2728152900601A69 /* ContentView.swift */; };
		5572C68E2728152C00601A69 /* Assets.xcassets in Resources */ = {isa = PBXBuildFile; fileRef = 5572C68D2728152C00601A69 /* Assets.xcassets */; };
		5572C6912728152C00601A69 /* Preview Assets.xcassets in Resources */ = {isa = PBXBuildFile; fileRef = 5572C6902728152C00601A69 /* Preview Assets.xcassets */; };
		5572C6932728152C00601A69 /* Persistence.swift in Sources */ = {isa = PBXBuildFile; fileRef = 5572C6922728152C00601A69 /* Persistence.swift */; };
		5572C6962728152C00601A69 /* Finewaste.xcdatamodeld in Sources */ = {isa = PBXBuildFile; fileRef = 5572C6942728152C00601A69 /* Finewaste.xcdatamodeld */; };
		5572C6A02728152C00601A69 /* FinewasteTests.swift in Sources */ = {isa = PBXBuildFile; fileRef = 5572C69F2728152C00601A69 /* FinewasteTests.swift */; };
		5572C6AA2728152C00601A69 /* FinewasteUITests.swift in Sources */ = {isa = PBXBuildFile; fileRef = 5572C6A92728152C00601A69 /* FinewasteUITests.swift */; };
		5572C6AC2728152C00601A69 /* FinewasteUITestsLaunchTests.swift in Sources */ = {isa = PBXBuildFile; fileRef = 5572C6AB2728152C00601A69 /* FinewasteUITestsLaunchTests.swift */; };
		55B60409272FE99900631004 /* GoogleService-Info.plist in Resources */ = {isa = PBXBuildFile; fileRef = 55B60408272FE99900631004 /* GoogleService-Info.plist */; };
		55B6040B272FEA4700631004 /* LoginView.swift in Sources */ = {isa = PBXBuildFile; fileRef = 55B6040A272FEA4700631004 /* LoginView.swift */; };
		55B6040D272FEA6800631004 /* LoginViewModel.swift in Sources */ = {isa = PBXBuildFile; fileRef = 55B6040C272FEA6800631004 /* LoginViewModel.swift */; };
		55B6040F273047FC00631004 /* UserInfo.swift in Sources */ = {isa = PBXBuildFile; fileRef = 55B6040E273047FC00631004 /* UserInfo.swift */; };
		55B6044C27304F0300631004 /* HomeView.swift in Sources */ = {isa = PBXBuildFile; fileRef = 55B6044B27304F0300631004 /* HomeView.swift */; };
		55B604572731302F00631004 /* OnboardingView.swift in Sources */ = {isa = PBXBuildFile; fileRef = 55B604562731302F00631004 /* OnboardingView.swift */; };
		7D0200C22736356500D3BB44 /* CLLocation+fetchShortLocation.swift in Sources */ = {isa = PBXBuildFile; fileRef = 7D0200C12736356500D3BB44 /* CLLocation+fetchShortLocation.swift */; };
		7D0200C627366EF900D3BB44 /* ContributionMaterial.swift in Sources */ = {isa = PBXBuildFile; fileRef = 7D0200C527366EF900D3BB44 /* ContributionMaterial.swift */; };
		7D0200C82736703D00D3BB44 /* Message.swift in Sources */ = {isa = PBXBuildFile; fileRef = 7D0200C72736703D00D3BB44 /* Message.swift */; };
		7D0200CC2736707600D3BB44 /* ProjectMaterial.swift in Sources */ = {isa = PBXBuildFile; fileRef = 7D0200CB2736707600D3BB44 /* ProjectMaterial.swift */; };
		7D0200CE2736708D00D3BB44 /* ProjectUpdate.swift in Sources */ = {isa = PBXBuildFile; fileRef = 7D0200CD2736708D00D3BB44 /* ProjectUpdate.swift */; };
		7D0200D32736C2F800D3BB44 /* ContributionRepository.swift in Sources */ = {isa = PBXBuildFile; fileRef = 7D0200D22736C2F800D3BB44 /* ContributionRepository.swift */; };
		7D0200D52736C74500D3BB44 /* ContributionMaterialRepository.swift in Sources */ = {isa = PBXBuildFile; fileRef = 7D0200D42736C74500D3BB44 /* ContributionMaterialRepository.swift */; };
		7D0200D82736D11C00D3BB44 /* CloudFunctionTrigger.swift in Sources */ = {isa = PBXBuildFile; fileRef = 7D0200D72736D11C00D3BB44 /* CloudFunctionTrigger.swift */; };
		7D0200DA2736D6B900D3BB44 /* TimestampHelper.swift in Sources */ = {isa = PBXBuildFile; fileRef = 7D0200D92736D6B900D3BB44 /* TimestampHelper.swift */; };
		7D0200DC2736DBE300D3BB44 /* ProjectUpdateRepository.swift in Sources */ = {isa = PBXBuildFile; fileRef = 7D0200DB2736DBE300D3BB44 /* ProjectUpdateRepository.swift */; };
		7D0200DE2736DD5200D3BB44 /* ProjectUpdateViewModel.swift in Sources */ = {isa = PBXBuildFile; fileRef = 7D0200DD2736DD5200D3BB44 /* ProjectUpdateViewModel.swift */; };
		7D0200E12737762700D3BB44 /* View+retrieveScrollPosition.swift in Sources */ = {isa = PBXBuildFile; fileRef = 7D0200E02737762700D3BB44 /* View+retrieveScrollPosition.swift */; };
		7D0200E72737838000D3BB44 /* FinewasteButtonOutline.swift in Sources */ = {isa = PBXBuildFile; fileRef = 7D0200E62737838000D3BB44 /* FinewasteButtonOutline.swift */; };
		7D0200EC2737850B00D3BB44 /* PostProjectUpdateView.swift in Sources */ = {isa = PBXBuildFile; fileRef = 7D0200EB2737850B00D3BB44 /* PostProjectUpdateView.swift */; };
		7D0200EE273790A900D3BB44 /* FinewasteTextField.swift in Sources */ = {isa = PBXBuildFile; fileRef = 7D0200ED273790A900D3BB44 /* FinewasteTextField.swift */; };
		7D0200F0273796B600D3BB44 /* FinewasteImagePicker.swift in Sources */ = {isa = PBXBuildFile; fileRef = 7D0200EF273796B600D3BB44 /* FinewasteImagePicker.swift */; };
		7D0200F32737A76D00D3BB44 /* AddImageView.swift in Sources */ = {isa = PBXBuildFile; fileRef = 7D0200F22737A76D00D3BB44 /* AddImageView.swift */; };
		7D0200F52737A86B00D3BB44 /* NativeImagePicker.swift in Sources */ = {isa = PBXBuildFile; fileRef = 7D0200F42737A86B00D3BB44 /* NativeImagePicker.swift */; };
		7D0200F82737B8B200D3BB44 /* PostProjectUpdateViewModel.swift in Sources */ = {isa = PBXBuildFile; fileRef = 7D0200F72737B8B200D3BB44 /* PostProjectUpdateViewModel.swift */; };
		7D0200FA2737C56F00D3BB44 /* CloudStorageUploader.swift in Sources */ = {isa = PBXBuildFile; fileRef = 7D0200F92737C56F00D3BB44 /* CloudStorageUploader.swift */; };
		7D339EC52733D3CE0023BFDB /* ImageGalleryView.swift in Sources */ = {isa = PBXBuildFile; fileRef = 7D339EC42733D3CE0023BFDB /* ImageGalleryView.swift */; };
		7D339EC92733D6240023BFDB /* NavigationBackButton.swift in Sources */ = {isa = PBXBuildFile; fileRef = 7D339EC82733D6240023BFDB /* NavigationBackButton.swift */; };
		7D6DD4AA273956590023E163 /* Image+centerWidthCrop.swift in Sources */ = {isa = PBXBuildFile; fileRef = 7D6DD4A9273956590023E163 /* Image+centerWidthCrop.swift */; };
		7D9143492734F9A700B89F98 /* User.swift in Sources */ = {isa = PBXBuildFile; fileRef = 7D9143482734F9A700B89F98 /* User.swift */; };
		7D91434B2734FA9D00B89F98 /* Conversation.swift in Sources */ = {isa = PBXBuildFile; fileRef = 7D91434A2734FA9D00B89F98 /* Conversation.swift */; };
		7D91434D273507DA00B89F98 /* Contribution.swift in Sources */ = {isa = PBXBuildFile; fileRef = 7D91434C273507DA00B89F98 /* Contribution.swift */; };
		7D91434F273590C700B89F98 /* ProjectMaterialRepository.swift in Sources */ = {isa = PBXBuildFile; fileRef = 7D91434E273590C700B89F98 /* ProjectMaterialRepository.swift */; };
		7D914351273596E100B89F98 /* ProjectStatusViewModel.swift in Sources */ = {isa = PBXBuildFile; fileRef = 7D914350273596E100B89F98 /* ProjectStatusViewModel.swift */; };
		7DDD2293272FD53500250B35 /* Project.swift in Sources */ = {isa = PBXBuildFile; fileRef = 7DDD2292272FD53500250B35 /* Project.swift */; };
		7DDD229E272FD5A500250B35 /* Colors.swift in Sources */ = {isa = PBXBuildFile; fileRef = 7DDD229D272FD5A500250B35 /* Colors.swift */; };
		7DDD22A0272FD5C500250B35 /* Colors.xcassets in Resources */ = {isa = PBXBuildFile; fileRef = 7DDD229F272FD5C500250B35 /* Colors.xcassets */; };
		7DDD22A3272FD84200250B35 /* ProjectRepository.swift in Sources */ = {isa = PBXBuildFile; fileRef = 7DDD22A2272FD84200250B35 /* ProjectRepository.swift */; };
		7DDD22BD2730376B00250B35 /* Poppins-SemiBold.ttf in Resources */ = {isa = PBXBuildFile; fileRef = 7DDD22AB2730376A00250B35 /* Poppins-SemiBold.ttf */; };
		7DDD22C32730376B00250B35 /* Poppins-Regular.ttf in Resources */ = {isa = PBXBuildFile; fileRef = 7DDD22B12730376A00250B35 /* Poppins-Regular.ttf */; };
		7DDD22C92730376B00250B35 /* Poppins-Bold.ttf in Resources */ = {isa = PBXBuildFile; fileRef = 7DDD22B72730376B00250B35 /* Poppins-Bold.ttf */; };
		7DDD22CC27303CF100250B35 /* Fonts.swift in Sources */ = {isa = PBXBuildFile; fileRef = 7DDD22CB27303CF100250B35 /* Fonts.swift */; };
		7DDD22DA2730EBBA00250B35 /* ProjectDetailView.swift in Sources */ = {isa = PBXBuildFile; fileRef = 7DDD22D92730EBBA00250B35 /* ProjectDetailView.swift */; };
		7DDD22DC2730EBC300250B35 /* ProjectDetailViewModel.swift in Sources */ = {isa = PBXBuildFile; fileRef = 7DDD22DB2730EBC300250B35 /* ProjectDetailViewModel.swift */; };
		7DDD22E12730EC7800250B35 /* ProjectNavigationBar.swift in Sources */ = {isa = PBXBuildFile; fileRef = 7DDD22E02730EC7800250B35 /* ProjectNavigationBar.swift */; };
		7DDD22E32731136F00250B35 /* FinewasteButtonFill.swift in Sources */ = {isa = PBXBuildFile; fileRef = 7DDD22E22731136F00250B35 /* FinewasteButtonFill.swift */; };
		7DDD22E62731140C00250B35 /* FinewasteButtonSize.swift in Sources */ = {isa = PBXBuildFile; fileRef = 7DDD22E52731140C00250B35 /* FinewasteButtonSize.swift */; };
		7DDD22EC273137A700250B35 /* ProjectAboutView.swift in Sources */ = {isa = PBXBuildFile; fileRef = 7DDD22EB273137A700250B35 /* ProjectAboutView.swift */; };
		7DDD22EE273137D700250B35 /* ProjectUpdateView.swift in Sources */ = {isa = PBXBuildFile; fileRef = 7DDD22ED273137D700250B35 /* ProjectUpdateView.swift */; };
		7DDD22F027313E1F00250B35 /* FinewasteRoundedOutlineButton.swift in Sources */ = {isa = PBXBuildFile; fileRef = 7DDD22EF27313E1F00250B35 /* FinewasteRoundedOutlineButton.swift */; };
		7DDD22F227318C7C00250B35 /* ProjectMaterialRequirementView.swift in Sources */ = {isa = PBXBuildFile; fileRef = 7DDD22F127318C7C00250B35 /* ProjectMaterialRequirementView.swift */; };
		7DDD22F427318CF900250B35 /* ProjectStoryView.swift in Sources */ = {isa = PBXBuildFile; fileRef = 7DDD22F327318CF900250B35 /* ProjectStoryView.swift */; };
		7DDD22F627319FB700250B35 /* ProjectImageCarouselView.swift in Sources */ = {isa = PBXBuildFile; fileRef = 7DDD22F527319FB700250B35 /* ProjectImageCarouselView.swift */; };
		7DDD22F82732767800250B35 /* ImagePageIndicatorView.swift in Sources */ = {isa = PBXBuildFile; fileRef = 7DDD22F72732767800250B35 /* ImagePageIndicatorView.swift */; };
		7DDD22FA2732C23600250B35 /* ProjectOwnerView.swift in Sources */ = {isa = PBXBuildFile; fileRef = 7DDD22F92732C23600250B35 /* ProjectOwnerView.swift */; };
		7DDD22FC2732C30900250B35 /* ProjectStatusView.swift in Sources */ = {isa = PBXBuildFile; fileRef = 7DDD22FB2732C30900250B35 /* ProjectStatusView.swift */; };
		7DDD23012732CC4900250B35 /* ProjectUpdateCard.swift in Sources */ = {isa = PBXBuildFile; fileRef = 7DDD23002732CC4900250B35 /* ProjectUpdateCard.swift */; };
		974DD9ADAE3429C896D20222 /* Pods_Finewaste.framework in Frameworks */ = {isa = PBXBuildFile; fileRef = D5231D242E97A6378582A26D /* Pods_Finewaste.framework */; };
		AC84CD62D6147B378199808A /* Pods_FinewasteTests.framework in Frameworks */ = {isa = PBXBuildFile; fileRef = C4256E325940C78D4FE7ABFB /* Pods_FinewasteTests.framework */; };
/* End PBXBuildFile section */

/* Begin PBXContainerItemProxy section */
		5572C69C2728152C00601A69 /* PBXContainerItemProxy */ = {
			isa = PBXContainerItemProxy;
			containerPortal = 5572C67E2728152900601A69 /* Project object */;
			proxyType = 1;
			remoteGlobalIDString = 5572C6852728152900601A69;
			remoteInfo = Finewaste;
		};
		5572C6A62728152C00601A69 /* PBXContainerItemProxy */ = {
			isa = PBXContainerItemProxy;
			containerPortal = 5572C67E2728152900601A69 /* Project object */;
			proxyType = 1;
			remoteGlobalIDString = 5572C6852728152900601A69;
			remoteInfo = Finewaste;
		};
/* End PBXContainerItemProxy section */

/* Begin PBXFileReference section */
		00C18B542732988E000C1103 /* DeliveryView.swift */ = {isa = PBXFileReference; lastKnownFileType = sourcecode.swift; path = DeliveryView.swift; sourceTree = "<group>"; };
		00C18B56273298C5000C1103 /* MaterialView.swift */ = {isa = PBXFileReference; lastKnownFileType = sourcecode.swift; path = MaterialView.swift; sourceTree = "<group>"; };
		00E77047273259D900C9C299 /* AddProjectViewModel.swift */ = {isa = PBXFileReference; lastKnownFileType = sourcecode.swift; path = AddProjectViewModel.swift; sourceTree = "<group>"; };
		00E7704927327AC300C9C299 /* showImagePicker.swift */ = {isa = PBXFileReference; lastKnownFileType = sourcecode.swift; path = showImagePicker.swift; sourceTree = "<group>"; };
		00F2BC9E2733C78D00E95798 /* AboutView.swift */ = {isa = PBXFileReference; lastKnownFileType = sourcecode.swift; path = AboutView.swift; sourceTree = "<group>"; };
		00FE22C92733DBEB00EF306A /* AddMaterialView.swift */ = {isa = PBXFileReference; lastKnownFileType = sourcecode.swift; path = AddMaterialView.swift; sourceTree = "<group>"; };
		2DF683434FDB618D22EE5487 /* Pods-FinewasteTests.release.xcconfig */ = {isa = PBXFileReference; includeInIndex = 1; lastKnownFileType = text.xcconfig; name = "Pods-FinewasteTests.release.xcconfig"; path = "Target Support Files/Pods-FinewasteTests/Pods-FinewasteTests.release.xcconfig"; sourceTree = "<group>"; };
		31A721380256AA037E7CAE8D /* Pods-Finewaste.release.xcconfig */ = {isa = PBXFileReference; includeInIndex = 1; lastKnownFileType = text.xcconfig; name = "Pods-Finewaste.release.xcconfig"; path = "Target Support Files/Pods-Finewaste/Pods-Finewaste.release.xcconfig"; sourceTree = "<group>"; };
		551DD88627329E7A00E550AF /* LoginHelper.swift */ = {isa = PBXFileReference; lastKnownFileType = sourcecode.swift; path = LoginHelper.swift; sourceTree = "<group>"; };
		551DD8882732A2DF00E550AF /* Users.swift */ = {isa = PBXFileReference; lastKnownFileType = sourcecode.swift; path = Users.swift; sourceTree = "<group>"; };
		551DD88C273302C300E550AF /* ProjectViewModel.swift */ = {isa = PBXFileReference; lastKnownFileType = sourcecode.swift; path = ProjectViewModel.swift; sourceTree = "<group>"; };
		551DD88F2733037E00E550AF /* MainProjectView.swift */ = {isa = PBXFileReference; lastKnownFileType = sourcecode.swift; path = MainProjectView.swift; sourceTree = "<group>"; };
		551DD8922735144500E550AF /* OnboardingViewModel.swift */ = {isa = PBXFileReference; lastKnownFileType = sourcecode.swift; path = OnboardingViewModel.swift; sourceTree = "<group>"; };
		5572C6862728152900601A69 /* Finewaste.app */ = {isa = PBXFileReference; explicitFileType = wrapper.application; includeInIndex = 0; path = Finewaste.app; sourceTree = BUILT_PRODUCTS_DIR; };
		5572C6892728152900601A69 /* FinewasteApp.swift */ = {isa = PBXFileReference; lastKnownFileType = sourcecode.swift; path = FinewasteApp.swift; sourceTree = "<group>"; };
		5572C68B2728152900601A69 /* ContentView.swift */ = {isa = PBXFileReference; lastKnownFileType = sourcecode.swift; path = ContentView.swift; sourceTree = "<group>"; };
		5572C68D2728152C00601A69 /* Assets.xcassets */ = {isa = PBXFileReference; lastKnownFileType = folder.assetcatalog; path = Assets.xcassets; sourceTree = "<group>"; };
		5572C6902728152C00601A69 /* Preview Assets.xcassets */ = {isa = PBXFileReference; lastKnownFileType = folder.assetcatalog; path = "Preview Assets.xcassets"; sourceTree = "<group>"; };
		5572C6922728152C00601A69 /* Persistence.swift */ = {isa = PBXFileReference; lastKnownFileType = sourcecode.swift; path = Persistence.swift; sourceTree = "<group>"; };
		5572C6952728152C00601A69 /* Finewaste.xcdatamodel */ = {isa = PBXFileReference; lastKnownFileType = wrapper.xcdatamodel; path = Finewaste.xcdatamodel; sourceTree = "<group>"; };
		5572C69B2728152C00601A69 /* FinewasteTests.xctest */ = {isa = PBXFileReference; explicitFileType = wrapper.cfbundle; includeInIndex = 0; path = FinewasteTests.xctest; sourceTree = BUILT_PRODUCTS_DIR; };
		5572C69F2728152C00601A69 /* FinewasteTests.swift */ = {isa = PBXFileReference; lastKnownFileType = sourcecode.swift; path = FinewasteTests.swift; sourceTree = "<group>"; };
		5572C6A52728152C00601A69 /* FinewasteUITests.xctest */ = {isa = PBXFileReference; explicitFileType = wrapper.cfbundle; includeInIndex = 0; path = FinewasteUITests.xctest; sourceTree = BUILT_PRODUCTS_DIR; };
		5572C6A92728152C00601A69 /* FinewasteUITests.swift */ = {isa = PBXFileReference; lastKnownFileType = sourcecode.swift; path = FinewasteUITests.swift; sourceTree = "<group>"; };
		5572C6AB2728152C00601A69 /* FinewasteUITestsLaunchTests.swift */ = {isa = PBXFileReference; lastKnownFileType = sourcecode.swift; path = FinewasteUITestsLaunchTests.swift; sourceTree = "<group>"; };
		55B60408272FE99900631004 /* GoogleService-Info.plist */ = {isa = PBXFileReference; fileEncoding = 4; lastKnownFileType = text.plist.xml; path = "GoogleService-Info.plist"; sourceTree = "<group>"; };
		55B6040A272FEA4700631004 /* LoginView.swift */ = {isa = PBXFileReference; lastKnownFileType = sourcecode.swift; path = LoginView.swift; sourceTree = "<group>"; };
		55B6040C272FEA6800631004 /* LoginViewModel.swift */ = {isa = PBXFileReference; lastKnownFileType = sourcecode.swift; path = LoginViewModel.swift; sourceTree = "<group>"; };
		55B6040E273047FC00631004 /* UserInfo.swift */ = {isa = PBXFileReference; lastKnownFileType = sourcecode.swift; path = UserInfo.swift; sourceTree = "<group>"; };
		55B6044B27304F0300631004 /* HomeView.swift */ = {isa = PBXFileReference; lastKnownFileType = sourcecode.swift; path = HomeView.swift; sourceTree = "<group>"; };
		55B6045327305A0400631004 /* Finewaste.entitlements */ = {isa = PBXFileReference; lastKnownFileType = text.plist.entitlements; path = Finewaste.entitlements; sourceTree = "<group>"; };
		55B604562731302F00631004 /* OnboardingView.swift */ = {isa = PBXFileReference; lastKnownFileType = sourcecode.swift; path = OnboardingView.swift; sourceTree = "<group>"; };
		7D0200C12736356500D3BB44 /* CLLocation+fetchShortLocation.swift */ = {isa = PBXFileReference; lastKnownFileType = sourcecode.swift; path = "CLLocation+fetchShortLocation.swift"; sourceTree = "<group>"; };
		7D0200C527366EF900D3BB44 /* ContributionMaterial.swift */ = {isa = PBXFileReference; lastKnownFileType = sourcecode.swift; path = ContributionMaterial.swift; sourceTree = "<group>"; };
		7D0200C72736703D00D3BB44 /* Message.swift */ = {isa = PBXFileReference; lastKnownFileType = sourcecode.swift; path = Message.swift; sourceTree = "<group>"; };
		7D0200CB2736707600D3BB44 /* ProjectMaterial.swift */ = {isa = PBXFileReference; lastKnownFileType = sourcecode.swift; path = ProjectMaterial.swift; sourceTree = "<group>"; };
		7D0200CD2736708D00D3BB44 /* ProjectUpdate.swift */ = {isa = PBXFileReference; lastKnownFileType = sourcecode.swift; path = ProjectUpdate.swift; sourceTree = "<group>"; };
		7D0200D22736C2F800D3BB44 /* ContributionRepository.swift */ = {isa = PBXFileReference; lastKnownFileType = sourcecode.swift; path = ContributionRepository.swift; sourceTree = "<group>"; };
		7D0200D42736C74500D3BB44 /* ContributionMaterialRepository.swift */ = {isa = PBXFileReference; lastKnownFileType = sourcecode.swift; path = ContributionMaterialRepository.swift; sourceTree = "<group>"; };
		7D0200D72736D11C00D3BB44 /* CloudFunctionTrigger.swift */ = {isa = PBXFileReference; lastKnownFileType = sourcecode.swift; path = CloudFunctionTrigger.swift; sourceTree = "<group>"; };
		7D0200D92736D6B900D3BB44 /* TimestampHelper.swift */ = {isa = PBXFileReference; lastKnownFileType = sourcecode.swift; path = TimestampHelper.swift; sourceTree = "<group>"; };
		7D0200DB2736DBE300D3BB44 /* ProjectUpdateRepository.swift */ = {isa = PBXFileReference; lastKnownFileType = sourcecode.swift; path = ProjectUpdateRepository.swift; sourceTree = "<group>"; };
		7D0200DD2736DD5200D3BB44 /* ProjectUpdateViewModel.swift */ = {isa = PBXFileReference; lastKnownFileType = sourcecode.swift; path = ProjectUpdateViewModel.swift; sourceTree = "<group>"; };
		7D0200E02737762700D3BB44 /* View+retrieveScrollPosition.swift */ = {isa = PBXFileReference; lastKnownFileType = sourcecode.swift; path = "View+retrieveScrollPosition.swift"; sourceTree = "<group>"; };
		7D0200E62737838000D3BB44 /* FinewasteButtonOutline.swift */ = {isa = PBXFileReference; lastKnownFileType = sourcecode.swift; path = FinewasteButtonOutline.swift; sourceTree = "<group>"; };
		7D0200EB2737850B00D3BB44 /* PostProjectUpdateView.swift */ = {isa = PBXFileReference; lastKnownFileType = sourcecode.swift; path = PostProjectUpdateView.swift; sourceTree = "<group>"; };
		7D0200ED273790A900D3BB44 /* FinewasteTextField.swift */ = {isa = PBXFileReference; lastKnownFileType = sourcecode.swift; path = FinewasteTextField.swift; sourceTree = "<group>"; };
		7D0200EF273796B600D3BB44 /* FinewasteImagePicker.swift */ = {isa = PBXFileReference; lastKnownFileType = sourcecode.swift; path = FinewasteImagePicker.swift; sourceTree = "<group>"; };
		7D0200F22737A76D00D3BB44 /* AddImageView.swift */ = {isa = PBXFileReference; lastKnownFileType = sourcecode.swift; path = AddImageView.swift; sourceTree = "<group>"; };
		7D0200F42737A86B00D3BB44 /* NativeImagePicker.swift */ = {isa = PBXFileReference; lastKnownFileType = sourcecode.swift; path = NativeImagePicker.swift; sourceTree = "<group>"; };
		7D0200F72737B8B200D3BB44 /* PostProjectUpdateViewModel.swift */ = {isa = PBXFileReference; lastKnownFileType = sourcecode.swift; path = PostProjectUpdateViewModel.swift; sourceTree = "<group>"; };
		7D0200F92737C56F00D3BB44 /* CloudStorageUploader.swift */ = {isa = PBXFileReference; lastKnownFileType = sourcecode.swift; path = CloudStorageUploader.swift; sourceTree = "<group>"; };
		7D074D0A272846940010C4F4 /* GoogleService-Info.plist */ = {isa = PBXFileReference; fileEncoding = 4; lastKnownFileType = text.plist.xml; path = "GoogleService-Info.plist"; sourceTree = "<group>"; };
		7D339EC42733D3CE0023BFDB /* ImageGalleryView.swift */ = {isa = PBXFileReference; lastKnownFileType = sourcecode.swift; path = ImageGalleryView.swift; sourceTree = "<group>"; };
		7D339EC82733D6240023BFDB /* NavigationBackButton.swift */ = {isa = PBXFileReference; lastKnownFileType = sourcecode.swift; path = NavigationBackButton.swift; sourceTree = "<group>"; };
		7D6DD4A9273956590023E163 /* Image+centerWidthCrop.swift */ = {isa = PBXFileReference; lastKnownFileType = sourcecode.swift; path = "Image+centerWidthCrop.swift"; sourceTree = "<group>"; };
		7D9143482734F9A700B89F98 /* User.swift */ = {isa = PBXFileReference; lastKnownFileType = sourcecode.swift; path = User.swift; sourceTree = "<group>"; };
		7D91434A2734FA9D00B89F98 /* Conversation.swift */ = {isa = PBXFileReference; lastKnownFileType = sourcecode.swift; path = Conversation.swift; sourceTree = "<group>"; };
		7D91434C273507DA00B89F98 /* Contribution.swift */ = {isa = PBXFileReference; lastKnownFileType = sourcecode.swift; path = Contribution.swift; sourceTree = "<group>"; };
		7D91434E273590C700B89F98 /* ProjectMaterialRepository.swift */ = {isa = PBXFileReference; lastKnownFileType = sourcecode.swift; path = ProjectMaterialRepository.swift; sourceTree = "<group>"; };
		7D914350273596E100B89F98 /* ProjectStatusViewModel.swift */ = {isa = PBXFileReference; lastKnownFileType = sourcecode.swift; path = ProjectStatusViewModel.swift; sourceTree = "<group>"; };
		7DDD2292272FD53500250B35 /* Project.swift */ = {isa = PBXFileReference; lastKnownFileType = sourcecode.swift; path = Project.swift; sourceTree = "<group>"; };
		7DDD229D272FD5A500250B35 /* Colors.swift */ = {isa = PBXFileReference; lastKnownFileType = sourcecode.swift; path = Colors.swift; sourceTree = "<group>"; };
		7DDD229F272FD5C500250B35 /* Colors.xcassets */ = {isa = PBXFileReference; lastKnownFileType = folder.assetcatalog; path = Colors.xcassets; sourceTree = "<group>"; };
		7DDD22A2272FD84200250B35 /* ProjectRepository.swift */ = {isa = PBXFileReference; lastKnownFileType = sourcecode.swift; path = ProjectRepository.swift; sourceTree = "<group>"; };
		7DDD22AB2730376A00250B35 /* Poppins-SemiBold.ttf */ = {isa = PBXFileReference; lastKnownFileType = file; path = "Poppins-SemiBold.ttf"; sourceTree = "<group>"; };
		7DDD22B12730376A00250B35 /* Poppins-Regular.ttf */ = {isa = PBXFileReference; lastKnownFileType = file; path = "Poppins-Regular.ttf"; sourceTree = "<group>"; };
		7DDD22B72730376B00250B35 /* Poppins-Bold.ttf */ = {isa = PBXFileReference; lastKnownFileType = file; path = "Poppins-Bold.ttf"; sourceTree = "<group>"; };
		7DDD22CA273037F400250B35 /* Info.plist */ = {isa = PBXFileReference; lastKnownFileType = text.plist; path = Info.plist; sourceTree = "<group>"; };
		7DDD22CB27303CF100250B35 /* Fonts.swift */ = {isa = PBXFileReference; lastKnownFileType = sourcecode.swift; path = Fonts.swift; sourceTree = "<group>"; };
		7DDD22D92730EBBA00250B35 /* ProjectDetailView.swift */ = {isa = PBXFileReference; lastKnownFileType = sourcecode.swift; path = ProjectDetailView.swift; sourceTree = "<group>"; };
		7DDD22DB2730EBC300250B35 /* ProjectDetailViewModel.swift */ = {isa = PBXFileReference; lastKnownFileType = sourcecode.swift; path = ProjectDetailViewModel.swift; sourceTree = "<group>"; };
		7DDD22E02730EC7800250B35 /* ProjectNavigationBar.swift */ = {isa = PBXFileReference; lastKnownFileType = sourcecode.swift; path = ProjectNavigationBar.swift; sourceTree = "<group>"; };
		7DDD22E22731136F00250B35 /* FinewasteButtonFill.swift */ = {isa = PBXFileReference; lastKnownFileType = sourcecode.swift; path = FinewasteButtonFill.swift; sourceTree = "<group>"; };
		7DDD22E52731140C00250B35 /* FinewasteButtonSize.swift */ = {isa = PBXFileReference; lastKnownFileType = sourcecode.swift; path = FinewasteButtonSize.swift; sourceTree = "<group>"; };
		7DDD22EB273137A700250B35 /* ProjectAboutView.swift */ = {isa = PBXFileReference; lastKnownFileType = sourcecode.swift; path = ProjectAboutView.swift; sourceTree = "<group>"; };
		7DDD22ED273137D700250B35 /* ProjectUpdateView.swift */ = {isa = PBXFileReference; lastKnownFileType = sourcecode.swift; path = ProjectUpdateView.swift; sourceTree = "<group>"; };
		7DDD22EF27313E1F00250B35 /* FinewasteRoundedOutlineButton.swift */ = {isa = PBXFileReference; lastKnownFileType = sourcecode.swift; path = FinewasteRoundedOutlineButton.swift; sourceTree = "<group>"; };
		7DDD22F127318C7C00250B35 /* ProjectMaterialRequirementView.swift */ = {isa = PBXFileReference; lastKnownFileType = sourcecode.swift; path = ProjectMaterialRequirementView.swift; sourceTree = "<group>"; };
		7DDD22F327318CF900250B35 /* ProjectStoryView.swift */ = {isa = PBXFileReference; lastKnownFileType = sourcecode.swift; path = ProjectStoryView.swift; sourceTree = "<group>"; };
		7DDD22F527319FB700250B35 /* ProjectImageCarouselView.swift */ = {isa = PBXFileReference; lastKnownFileType = sourcecode.swift; path = ProjectImageCarouselView.swift; sourceTree = "<group>"; };
		7DDD22F72732767800250B35 /* ImagePageIndicatorView.swift */ = {isa = PBXFileReference; lastKnownFileType = sourcecode.swift; path = ImagePageIndicatorView.swift; sourceTree = "<group>"; };
		7DDD22F92732C23600250B35 /* ProjectOwnerView.swift */ = {isa = PBXFileReference; lastKnownFileType = sourcecode.swift; path = ProjectOwnerView.swift; sourceTree = "<group>"; };
		7DDD22FB2732C30900250B35 /* ProjectStatusView.swift */ = {isa = PBXFileReference; lastKnownFileType = sourcecode.swift; path = ProjectStatusView.swift; sourceTree = "<group>"; };
		7DDD23002732CC4900250B35 /* ProjectUpdateCard.swift */ = {isa = PBXFileReference; lastKnownFileType = sourcecode.swift; path = ProjectUpdateCard.swift; sourceTree = "<group>"; };
		91615283BDD8D1B26DF96862 /* Pods-FinewasteTests.debug.xcconfig */ = {isa = PBXFileReference; includeInIndex = 1; lastKnownFileType = text.xcconfig; name = "Pods-FinewasteTests.debug.xcconfig"; path = "Target Support Files/Pods-FinewasteTests/Pods-FinewasteTests.debug.xcconfig"; sourceTree = "<group>"; };
		C4256E325940C78D4FE7ABFB /* Pods_FinewasteTests.framework */ = {isa = PBXFileReference; explicitFileType = wrapper.framework; includeInIndex = 0; path = Pods_FinewasteTests.framework; sourceTree = BUILT_PRODUCTS_DIR; };
		D5231D242E97A6378582A26D /* Pods_Finewaste.framework */ = {isa = PBXFileReference; explicitFileType = wrapper.framework; includeInIndex = 0; path = Pods_Finewaste.framework; sourceTree = BUILT_PRODUCTS_DIR; };
		EFE8D9274D283EAA1EAD4DAA /* Pods-Finewaste.debug.xcconfig */ = {isa = PBXFileReference; includeInIndex = 1; lastKnownFileType = text.xcconfig; name = "Pods-Finewaste.debug.xcconfig"; path = "Target Support Files/Pods-Finewaste/Pods-Finewaste.debug.xcconfig"; sourceTree = "<group>"; };
/* End PBXFileReference section */

/* Begin PBXFrameworksBuildPhase section */
		5572C6832728152900601A69 /* Frameworks */ = {
			isa = PBXFrameworksBuildPhase;
			buildActionMask = 2147483647;
			files = (
				974DD9ADAE3429C896D20222 /* Pods_Finewaste.framework in Frameworks */,
			);
			runOnlyForDeploymentPostprocessing = 0;
		};
		5572C6982728152C00601A69 /* Frameworks */ = {
			isa = PBXFrameworksBuildPhase;
			buildActionMask = 2147483647;
			files = (
				AC84CD62D6147B378199808A /* Pods_FinewasteTests.framework in Frameworks */,
			);
			runOnlyForDeploymentPostprocessing = 0;
		};
		5572C6A22728152C00601A69 /* Frameworks */ = {
			isa = PBXFrameworksBuildPhase;
			buildActionMask = 2147483647;
			files = (
			);
			runOnlyForDeploymentPostprocessing = 0;
		};
/* End PBXFrameworksBuildPhase section */

/* Begin PBXGroup section */
		000B7D38273133D60066BDD8 /* Add Project */ = {
			isa = PBXGroup;
			children = (
				000B7D3A2731341C0066BDD8 /* View */,
				000B7D39273134160066BDD8 /* ViewModel */,
			);
			path = "Add Project";
			sourceTree = "<group>";
		};
		000B7D39273134160066BDD8 /* ViewModel */ = {
			isa = PBXGroup;
			children = (
				00E77047273259D900C9C299 /* AddProjectViewModel.swift */,
				00E7704927327AC300C9C299 /* showImagePicker.swift */,
			);
			path = ViewModel;
			sourceTree = "<group>";
		};
		000B7D3A2731341C0066BDD8 /* View */ = {
			isa = PBXGroup;
			children = (
				00F2BC9E2733C78D00E95798 /* AboutView.swift */,
				00C18B56273298C5000C1103 /* MaterialView.swift */,
				00C18B542732988E000C1103 /* DeliveryView.swift */,
				00FE22C92733DBEB00EF306A /* AddMaterialView.swift */,
			);
			path = View;
			sourceTree = "<group>";
		};
		3FD67218DA6996132C6B13F9 /* Pods */ = {
			isa = PBXGroup;
			children = (
				EFE8D9274D283EAA1EAD4DAA /* Pods-Finewaste.debug.xcconfig */,
				31A721380256AA037E7CAE8D /* Pods-Finewaste.release.xcconfig */,
				91615283BDD8D1B26DF96862 /* Pods-FinewasteTests.debug.xcconfig */,
				2DF683434FDB618D22EE5487 /* Pods-FinewasteTests.release.xcconfig */,
			);
			path = Pods;
			sourceTree = "<group>";
		};
		551DD88527329E6200E550AF /* Helpers */ = {
			isa = PBXGroup;
			children = (
				551DD88627329E7A00E550AF /* LoginHelper.swift */,
				7D0200D92736D6B900D3BB44 /* TimestampHelper.swift */,
			);
			path = Helpers;
			sourceTree = "<group>";
		};
		551DD88A273302A200E550AF /* Projects */ = {
			isa = PBXGroup;
			children = (
				551DD88E2733036500E550AF /* View */,
				551DD88B273302AF00E550AF /* ViewModel */,
			);
			path = Projects;
			sourceTree = "<group>";
		};
		551DD88B273302AF00E550AF /* ViewModel */ = {
			isa = PBXGroup;
			children = (
				551DD88C273302C300E550AF /* ProjectViewModel.swift */,
			);
			path = ViewModel;
			sourceTree = "<group>";
		};
		551DD88E2733036500E550AF /* View */ = {
			isa = PBXGroup;
			children = (
				551DD88F2733037E00E550AF /* MainProjectView.swift */,
			);
			path = View;
			sourceTree = "<group>";
		};
		551DD8912735142D00E550AF /* ViewModel */ = {
			isa = PBXGroup;
			children = (
				551DD8922735144500E550AF /* OnboardingViewModel.swift */,
			);
			path = ViewModel;
			sourceTree = "<group>";
		};
		5572C67D2728152900601A69 = {
			isa = PBXGroup;
			children = (
				5572C6882728152900601A69 /* Finewaste */,
				5572C69E2728152C00601A69 /* FinewasteTests */,
				5572C6A82728152C00601A69 /* FinewasteUITests */,
				5572C6872728152900601A69 /* Products */,
				3FD67218DA6996132C6B13F9 /* Pods */,
				A7F9E69F0CFAB35C1BEB4203 /* Frameworks */,
			);
			sourceTree = "<group>";
		};
		5572C6872728152900601A69 /* Products */ = {
			isa = PBXGroup;
			children = (
				5572C6862728152900601A69 /* Finewaste.app */,
				5572C69B2728152C00601A69 /* FinewasteTests.xctest */,
				5572C6A52728152C00601A69 /* FinewasteUITests.xctest */,
			);
			name = Products;
			sourceTree = "<group>";
		};
		5572C6882728152900601A69 /* Finewaste */ = {
			isa = PBXGroup;
			children = (
				7D0200DF2737760600D3BB44 /* Extensions */,
				7D0200D62736D10900D3BB44 /* Networking */,
				551DD88527329E6200E550AF /* Helpers */,
				55B6045327305A0400631004 /* Finewaste.entitlements */,
				55B60408272FE99900631004 /* GoogleService-Info.plist */,
				7DDD22CA273037F400250B35 /* Info.plist */,
				5572C68B2728152900601A69 /* ContentView.swift */,
				5572C6922728152C00601A69 /* Persistence.swift */,
				5572C68D2728152C00601A69 /* Assets.xcassets */,
				7DDD229F272FD5C500250B35 /* Colors.xcassets */,
				7DDD2290272FD4C100250B35 /* Application */,
				5572C6942728152C00601A69 /* Finewaste.xcdatamodeld */,
				7DDD2291272FD52900250B35 /* Models */,
				7DDD2294272FD54600250B35 /* Modules */,
				5572C68F2728152C00601A69 /* Preview Content */,
				7DDD22A1272FD82400250B35 /* Repositories */,
				7DDD22A42730374A00250B35 /* Resources */,
				7DDD229C272FD58E00250B35 /* Themes */,
			);
			path = Finewaste;
			sourceTree = "<group>";
		};
		5572C68F2728152C00601A69 /* Preview Content */ = {
			isa = PBXGroup;
			children = (
				7D074D0A272846940010C4F4 /* GoogleService-Info.plist */,
				5572C6902728152C00601A69 /* Preview Assets.xcassets */,
			);
			path = "Preview Content";
			sourceTree = "<group>";
		};
		5572C69E2728152C00601A69 /* FinewasteTests */ = {
			isa = PBXGroup;
			children = (
				5572C69F2728152C00601A69 /* FinewasteTests.swift */,
			);
			path = FinewasteTests;
			sourceTree = "<group>";
		};
		5572C6A82728152C00601A69 /* FinewasteUITests */ = {
			isa = PBXGroup;
			children = (
				5572C6A92728152C00601A69 /* FinewasteUITests.swift */,
				5572C6AB2728152C00601A69 /* FinewasteUITestsLaunchTests.swift */,
			);
			path = FinewasteUITests;
			sourceTree = "<group>";
		};
		55B6045427312FD700631004 /* Onboarding */ = {
			isa = PBXGroup;
			children = (
				551DD8912735142D00E550AF /* ViewModel */,
				55B6045527312FE400631004 /* View */,
			);
			path = Onboarding;
			sourceTree = "<group>";
		};
		55B6045527312FE400631004 /* View */ = {
			isa = PBXGroup;
			children = (
				55B604562731302F00631004 /* OnboardingView.swift */,
			);
			path = View;
			sourceTree = "<group>";
		};
		7D0200C92736704A00D3BB44 /* Contribution */ = {
			isa = PBXGroup;
			children = (
				7D91434C273507DA00B89F98 /* Contribution.swift */,
				7D0200C527366EF900D3BB44 /* ContributionMaterial.swift */,
			);
			path = Contribution;
			sourceTree = "<group>";
		};
		7D0200CA2736705400D3BB44 /* Chat */ = {
			isa = PBXGroup;
			children = (
				7D91434A2734FA9D00B89F98 /* Conversation.swift */,
				7D0200C72736703D00D3BB44 /* Message.swift */,
			);
			path = Chat;
			sourceTree = "<group>";
		};
		7D0200CF273670B000D3BB44 /* Project */ = {
			isa = PBXGroup;
			children = (
				7DDD2292272FD53500250B35 /* Project.swift */,
				7D0200CB2736707600D3BB44 /* ProjectMaterial.swift */,
				7D0200CD2736708D00D3BB44 /* ProjectUpdate.swift */,
			);
			path = Project;
			sourceTree = "<group>";
		};
		7D0200D62736D10900D3BB44 /* Networking */ = {
			isa = PBXGroup;
			children = (
				7D0200D72736D11C00D3BB44 /* CloudFunctionTrigger.swift */,
				7D0200F92737C56F00D3BB44 /* CloudStorageUploader.swift */,
			);
			path = Networking;
			sourceTree = "<group>";
		};
		7D0200DF2737760600D3BB44 /* Extensions */ = {
			isa = PBXGroup;
			children = (
				7D0200C12736356500D3BB44 /* CLLocation+fetchShortLocation.swift */,
				7D0200E02737762700D3BB44 /* View+retrieveScrollPosition.swift */,
				7D6DD4A9273956590023E163 /* Image+centerWidthCrop.swift */,
			);
			path = Extensions;
			sourceTree = "<group>";
		};
		7D0200E9273784DB00D3BB44 /* Post Project Update */ = {
			isa = PBXGroup;
			children = (
				7D0200F62737B82200D3BB44 /* ViewModel */,
				7D0200EA273784EE00D3BB44 /* View */,
			);
			path = "Post Project Update";
			sourceTree = "<group>";
		};
		7D0200EA273784EE00D3BB44 /* View */ = {
			isa = PBXGroup;
			children = (
				7D0200EB2737850B00D3BB44 /* PostProjectUpdateView.swift */,
			);
			path = View;
			sourceTree = "<group>";
		};
		7D0200F12737A75D00D3BB44 /* ImagePicker */ = {
			isa = PBXGroup;
			children = (
				7D0200EF273796B600D3BB44 /* FinewasteImagePicker.swift */,
				7D0200F22737A76D00D3BB44 /* AddImageView.swift */,
				7D0200F42737A86B00D3BB44 /* NativeImagePicker.swift */,
			);
			path = ImagePicker;
			sourceTree = "<group>";
		};
		7D0200F62737B82200D3BB44 /* ViewModel */ = {
			isa = PBXGroup;
			children = (
				7D0200F72737B8B200D3BB44 /* PostProjectUpdateViewModel.swift */,
			);
			path = ViewModel;
			sourceTree = "<group>";
		};
		7DDD2290272FD4C100250B35 /* Application */ = {
			isa = PBXGroup;
			children = (
				5572C6892728152900601A69 /* FinewasteApp.swift */,
			);
			path = Application;
			sourceTree = "<group>";
		};
		7DDD2291272FD52900250B35 /* Models */ = {
			isa = PBXGroup;
			children = (
				7D0200CF273670B000D3BB44 /* Project */,
				55B6040E273047FC00631004 /* UserInfo.swift */,
				551DD8882732A2DF00E550AF /* Users.swift */,
				7D9143482734F9A700B89F98 /* User.swift */,
				7D0200CA2736705400D3BB44 /* Chat */,
				7D0200C92736704A00D3BB44 /* Contribution */,
			);
			path = Models;
			sourceTree = "<group>";
		};
		7DDD2294272FD54600250B35 /* Modules */ = {
			isa = PBXGroup;
			children = (
				7D0200E9273784DB00D3BB44 /* Post Project Update */,
				551DD88A273302A200E550AF /* Projects */,
				55B6045427312FD700631004 /* Onboarding */,
				7DDD22D62730EBA600250B35 /* Project Detail */,
				000B7D38273133D60066BDD8 /* Add Project */,
				7DDD2295272FD54900250B35 /* Login */,
			);
			path = Modules;
			sourceTree = "<group>";
		};
		7DDD2295272FD54900250B35 /* Login */ = {
			isa = PBXGroup;
			children = (
				7DDD2297272FD55300250B35 /* View */,
				7DDD2296272FD54E00250B35 /* ViewModel */,
			);
			path = Login;
			sourceTree = "<group>";
		};
		7DDD2296272FD54E00250B35 /* ViewModel */ = {
			isa = PBXGroup;
			children = (
				55B6040C272FEA6800631004 /* LoginViewModel.swift */,
			);
			path = ViewModel;
			sourceTree = "<group>";
		};
		7DDD2297272FD55300250B35 /* View */ = {
			isa = PBXGroup;
			children = (
				55B6040A272FEA4700631004 /* LoginView.swift */,
				55B6044B27304F0300631004 /* HomeView.swift */,
			);
			path = View;
			sourceTree = "<group>";
		};
		7DDD229C272FD58E00250B35 /* Themes */ = {
			isa = PBXGroup;
			children = (
				7DDD22E4273113FF00250B35 /* Modifiers */,
				7DDD22DD2730EC5500250B35 /* Views */,
				7DDD229D272FD5A500250B35 /* Colors.swift */,
				7DDD22CB27303CF100250B35 /* Fonts.swift */,
			);
			path = Themes;
			sourceTree = "<group>";
		};
		7DDD22A1272FD82400250B35 /* Repositories */ = {
			isa = PBXGroup;
			children = (
				7DDD22A2272FD84200250B35 /* ProjectRepository.swift */,
				7D91434E273590C700B89F98 /* ProjectMaterialRepository.swift */,
				7D0200D22736C2F800D3BB44 /* ContributionRepository.swift */,
				7D0200D42736C74500D3BB44 /* ContributionMaterialRepository.swift */,
				7D0200DB2736DBE300D3BB44 /* ProjectUpdateRepository.swift */,
			);
			path = Repositories;
			sourceTree = "<group>";
		};
		7DDD22A42730374A00250B35 /* Resources */ = {
			isa = PBXGroup;
			children = (
				7DDD22A52730375400250B35 /* Fonts */,
			);
			path = Resources;
			sourceTree = "<group>";
		};
		7DDD22A52730375400250B35 /* Fonts */ = {
			isa = PBXGroup;
			children = (
				7DDD22B72730376B00250B35 /* Poppins-Bold.ttf */,
				7DDD22B12730376A00250B35 /* Poppins-Regular.ttf */,
				7DDD22AB2730376A00250B35 /* Poppins-SemiBold.ttf */,
			);
			path = Fonts;
			sourceTree = "<group>";
		};
		7DDD22D62730EBA600250B35 /* Project Detail */ = {
			isa = PBXGroup;
			children = (
				7DDD22D82730EBAF00250B35 /* ViewModel */,
				7DDD22D72730EBAB00250B35 /* View */,
			);
			path = "Project Detail";
			sourceTree = "<group>";
		};
		7DDD22D72730EBAB00250B35 /* View */ = {
			isa = PBXGroup;
			children = (
				7DDD22FD2732C3DB00250B35 /* About */,
				7DDD22FF2732C40C00250B35 /* ImageCarousel */,
				7DDD22FB2732C30900250B35 /* ProjectStatusView.swift */,
				7DDD22D92730EBBA00250B35 /* ProjectDetailView.swift */,
				7DDD22E02730EC7800250B35 /* ProjectNavigationBar.swift */,
				7DDD22F92732C23600250B35 /* ProjectOwnerView.swift */,
				7DDD22FE2732C40200250B35 /* Update */,
			);
			path = View;
			sourceTree = "<group>";
		};
		7DDD22D82730EBAF00250B35 /* ViewModel */ = {
			isa = PBXGroup;
			children = (
				7DDD22DB2730EBC300250B35 /* ProjectDetailViewModel.swift */,
				7D914350273596E100B89F98 /* ProjectStatusViewModel.swift */,
				7D0200DD2736DD5200D3BB44 /* ProjectUpdateViewModel.swift */,
			);
			path = ViewModel;
			sourceTree = "<group>";
		};
		7DDD22DD2730EC5500250B35 /* Views */ = {
			isa = PBXGroup;
			children = (
				7DDD22E22731136F00250B35 /* FinewasteButtonFill.swift */,
				7DDD22EF27313E1F00250B35 /* FinewasteRoundedOutlineButton.swift */,
				7D339EC82733D6240023BFDB /* NavigationBackButton.swift */,
				7D0200E62737838000D3BB44 /* FinewasteButtonOutline.swift */,
				7D0200ED273790A900D3BB44 /* FinewasteTextField.swift */,
				7D0200F12737A75D00D3BB44 /* ImagePicker */,
			);
			path = Views;
			sourceTree = "<group>";
		};
		7DDD22E4273113FF00250B35 /* Modifiers */ = {
			isa = PBXGroup;
			children = (
				7DDD22E52731140C00250B35 /* FinewasteButtonSize.swift */,
			);
			path = Modifiers;
			sourceTree = "<group>";
		};
		7DDD22FD2732C3DB00250B35 /* About */ = {
			isa = PBXGroup;
			children = (
				7DDD22EB273137A700250B35 /* ProjectAboutView.swift */,
				7DDD22F127318C7C00250B35 /* ProjectMaterialRequirementView.swift */,
				7DDD22F327318CF900250B35 /* ProjectStoryView.swift */,
			);
			path = About;
			sourceTree = "<group>";
		};
		7DDD22FE2732C40200250B35 /* Update */ = {
			isa = PBXGroup;
			children = (
				7DDD22ED273137D700250B35 /* ProjectUpdateView.swift */,
				7DDD23002732CC4900250B35 /* ProjectUpdateCard.swift */,
				7D339EC42733D3CE0023BFDB /* ImageGalleryView.swift */,
			);
			path = Update;
			sourceTree = "<group>";
		};
		7DDD22FF2732C40C00250B35 /* ImageCarousel */ = {
			isa = PBXGroup;
			children = (
				7DDD22F527319FB700250B35 /* ProjectImageCarouselView.swift */,
				7DDD22F72732767800250B35 /* ImagePageIndicatorView.swift */,
			);
			path = ImageCarousel;
			sourceTree = "<group>";
		};
		A7F9E69F0CFAB35C1BEB4203 /* Frameworks */ = {
			isa = PBXGroup;
			children = (
				D5231D242E97A6378582A26D /* Pods_Finewaste.framework */,
				C4256E325940C78D4FE7ABFB /* Pods_FinewasteTests.framework */,
			);
			name = Frameworks;
			sourceTree = "<group>";
		};
/* End PBXGroup section */

/* Begin PBXNativeTarget section */
		5572C6852728152900601A69 /* Finewaste */ = {
			isa = PBXNativeTarget;
			buildConfigurationList = 5572C6AF2728152D00601A69 /* Build configuration list for PBXNativeTarget "Finewaste" */;
			buildPhases = (
				74273DA656A5BB4C60EC7F7F /* [CP] Check Pods Manifest.lock */,
				5572C6822728152900601A69 /* Sources */,
				5572C6832728152900601A69 /* Frameworks */,
				5572C6842728152900601A69 /* Resources */,
				7F1E69D6D81AD8C4924931FC /* [CP] Embed Pods Frameworks */,
				7D074D0C272852C80010C4F4 /* ShellScript */,
			);
			buildRules = (
			);
			dependencies = (
			);
			name = Finewaste;
			productName = Finewaste;
			productReference = 5572C6862728152900601A69 /* Finewaste.app */;
			productType = "com.apple.product-type.application";
		};
		5572C69A2728152C00601A69 /* FinewasteTests */ = {
			isa = PBXNativeTarget;
			buildConfigurationList = 5572C6B22728152D00601A69 /* Build configuration list for PBXNativeTarget "FinewasteTests" */;
			buildPhases = (
				1F96C978CF0B550D72656B0A /* [CP] Check Pods Manifest.lock */,
				5572C6972728152C00601A69 /* Sources */,
				5572C6982728152C00601A69 /* Frameworks */,
				5572C6992728152C00601A69 /* Resources */,
			);
			buildRules = (
			);
			dependencies = (
				5572C69D2728152C00601A69 /* PBXTargetDependency */,
			);
			name = FinewasteTests;
			productName = FinewasteTests;
			productReference = 5572C69B2728152C00601A69 /* FinewasteTests.xctest */;
			productType = "com.apple.product-type.bundle.unit-test";
		};
		5572C6A42728152C00601A69 /* FinewasteUITests */ = {
			isa = PBXNativeTarget;
			buildConfigurationList = 5572C6B52728152D00601A69 /* Build configuration list for PBXNativeTarget "FinewasteUITests" */;
			buildPhases = (
				5572C6A12728152C00601A69 /* Sources */,
				5572C6A22728152C00601A69 /* Frameworks */,
				5572C6A32728152C00601A69 /* Resources */,
			);
			buildRules = (
			);
			dependencies = (
				5572C6A72728152C00601A69 /* PBXTargetDependency */,
			);
			name = FinewasteUITests;
			productName = FinewasteUITests;
			productReference = 5572C6A52728152C00601A69 /* FinewasteUITests.xctest */;
			productType = "com.apple.product-type.bundle.ui-testing";
		};
/* End PBXNativeTarget section */

/* Begin PBXProject section */
		5572C67E2728152900601A69 /* Project object */ = {
			isa = PBXProject;
			attributes = {
				BuildIndependentTargetsInParallel = 1;
				LastSwiftUpdateCheck = 1300;
				LastUpgradeCheck = 1300;
				TargetAttributes = {
					5572C6852728152900601A69 = {
						CreatedOnToolsVersion = 13.0;
					};
					5572C69A2728152C00601A69 = {
						CreatedOnToolsVersion = 13.0;
						TestTargetID = 5572C6852728152900601A69;
					};
					5572C6A42728152C00601A69 = {
						CreatedOnToolsVersion = 13.0;
						TestTargetID = 5572C6852728152900601A69;
					};
				};
			};
			buildConfigurationList = 5572C6812728152900601A69 /* Build configuration list for PBXProject "Finewaste" */;
			compatibilityVersion = "Xcode 13.0";
			developmentRegion = en;
			hasScannedForEncodings = 0;
			knownRegions = (
				en,
				Base,
			);
			mainGroup = 5572C67D2728152900601A69;
			productRefGroup = 5572C6872728152900601A69 /* Products */;
			projectDirPath = "";
			projectRoot = "";
			targets = (
				5572C6852728152900601A69 /* Finewaste */,
				5572C69A2728152C00601A69 /* FinewasteTests */,
				5572C6A42728152C00601A69 /* FinewasteUITests */,
			);
		};
/* End PBXProject section */

/* Begin PBXResourcesBuildPhase section */
		5572C6842728152900601A69 /* Resources */ = {
			isa = PBXResourcesBuildPhase;
			buildActionMask = 2147483647;
			files = (
				7DDD22C92730376B00250B35 /* Poppins-Bold.ttf in Resources */,
				5572C6912728152C00601A69 /* Preview Assets.xcassets in Resources */,
				55B60409272FE99900631004 /* GoogleService-Info.plist in Resources */,
				7DDD22C32730376B00250B35 /* Poppins-Regular.ttf in Resources */,
				7DDD22A0272FD5C500250B35 /* Colors.xcassets in Resources */,
				7DDD22BD2730376B00250B35 /* Poppins-SemiBold.ttf in Resources */,
				5572C68E2728152C00601A69 /* Assets.xcassets in Resources */,
			);
			runOnlyForDeploymentPostprocessing = 0;
		};
		5572C6992728152C00601A69 /* Resources */ = {
			isa = PBXResourcesBuildPhase;
			buildActionMask = 2147483647;
			files = (
			);
			runOnlyForDeploymentPostprocessing = 0;
		};
		5572C6A32728152C00601A69 /* Resources */ = {
			isa = PBXResourcesBuildPhase;
			buildActionMask = 2147483647;
			files = (
			);
			runOnlyForDeploymentPostprocessing = 0;
		};
/* End PBXResourcesBuildPhase section */

/* Begin PBXShellScriptBuildPhase section */
		1F96C978CF0B550D72656B0A /* [CP] Check Pods Manifest.lock */ = {
			isa = PBXShellScriptBuildPhase;
			buildActionMask = 2147483647;
			files = (
			);
			inputFileListPaths = (
			);
			inputPaths = (
				"${PODS_PODFILE_DIR_PATH}/Podfile.lock",
				"${PODS_ROOT}/Manifest.lock",
			);
			name = "[CP] Check Pods Manifest.lock";
			outputFileListPaths = (
			);
			outputPaths = (
				"$(DERIVED_FILE_DIR)/Pods-FinewasteTests-checkManifestLockResult.txt",
			);
			runOnlyForDeploymentPostprocessing = 0;
			shellPath = /bin/sh;
			shellScript = "diff \"${PODS_PODFILE_DIR_PATH}/Podfile.lock\" \"${PODS_ROOT}/Manifest.lock\" > /dev/null\nif [ $? != 0 ] ; then\n    # print error to STDERR\n    echo \"error: The sandbox is not in sync with the Podfile.lock. Run 'pod install' or update your CocoaPods installation.\" >&2\n    exit 1\nfi\n# This output is used by Xcode 'outputs' to avoid re-running this script phase.\necho \"SUCCESS\" > \"${SCRIPT_OUTPUT_FILE_0}\"\n";
			showEnvVarsInLog = 0;
		};
		74273DA656A5BB4C60EC7F7F /* [CP] Check Pods Manifest.lock */ = {
			isa = PBXShellScriptBuildPhase;
			buildActionMask = 2147483647;
			files = (
			);
			inputFileListPaths = (
			);
			inputPaths = (
				"${PODS_PODFILE_DIR_PATH}/Podfile.lock",
				"${PODS_ROOT}/Manifest.lock",
			);
			name = "[CP] Check Pods Manifest.lock";
			outputFileListPaths = (
			);
			outputPaths = (
				"$(DERIVED_FILE_DIR)/Pods-Finewaste-checkManifestLockResult.txt",
			);
			runOnlyForDeploymentPostprocessing = 0;
			shellPath = /bin/sh;
			shellScript = "diff \"${PODS_PODFILE_DIR_PATH}/Podfile.lock\" \"${PODS_ROOT}/Manifest.lock\" > /dev/null\nif [ $? != 0 ] ; then\n    # print error to STDERR\n    echo \"error: The sandbox is not in sync with the Podfile.lock. Run 'pod install' or update your CocoaPods installation.\" >&2\n    exit 1\nfi\n# This output is used by Xcode 'outputs' to avoid re-running this script phase.\necho \"SUCCESS\" > \"${SCRIPT_OUTPUT_FILE_0}\"\n";
			showEnvVarsInLog = 0;
		};
		7D074D0C272852C80010C4F4 /* ShellScript */ = {
			isa = PBXShellScriptBuildPhase;
			buildActionMask = 2147483647;
			files = (
			);
			inputFileListPaths = (
			);
			inputPaths = (
			);
			outputFileListPaths = (
			);
			outputPaths = (
			);
			runOnlyForDeploymentPostprocessing = 0;
			shellPath = /bin/sh;
			shellScript = "\"${PODS_ROOT}/SwiftLint/swiftlint\"\n";
		};
		7F1E69D6D81AD8C4924931FC /* [CP] Embed Pods Frameworks */ = {
			isa = PBXShellScriptBuildPhase;
			buildActionMask = 2147483647;
			files = (
			);
			inputFileListPaths = (
				"${PODS_ROOT}/Target Support Files/Pods-Finewaste/Pods-Finewaste-frameworks-${CONFIGURATION}-input-files.xcfilelist",
			);
			name = "[CP] Embed Pods Frameworks";
			outputFileListPaths = (
				"${PODS_ROOT}/Target Support Files/Pods-Finewaste/Pods-Finewaste-frameworks-${CONFIGURATION}-output-files.xcfilelist",
			);
			runOnlyForDeploymentPostprocessing = 0;
			shellPath = /bin/sh;
			shellScript = "\"${PODS_ROOT}/Target Support Files/Pods-Finewaste/Pods-Finewaste-frameworks.sh\"\n";
			showEnvVarsInLog = 0;
		};
/* End PBXShellScriptBuildPhase section */

/* Begin PBXSourcesBuildPhase section */
		5572C6822728152900601A69 /* Sources */ = {
			isa = PBXSourcesBuildPhase;
			buildActionMask = 2147483647;
			files = (
				7DDD22E62731140C00250B35 /* FinewasteButtonSize.swift in Sources */,
				7D0200DE2736DD5200D3BB44 /* ProjectUpdateViewModel.swift in Sources */,
				7DDD22DC2730EBC300250B35 /* ProjectDetailViewModel.swift in Sources */,
				00E77048273259D900C9C299 /* AddProjectViewModel.swift in Sources */,
				7D0200EE273790A900D3BB44 /* FinewasteTextField.swift in Sources */,
				7DDD229E272FD5A500250B35 /* Colors.swift in Sources */,
				7D0200FA2737C56F00D3BB44 /* CloudStorageUploader.swift in Sources */,
				7D0200DA2736D6B900D3BB44 /* TimestampHelper.swift in Sources */,
				00F2BC9F2733C78D00E95798 /* AboutView.swift in Sources */,
				00C18B552732988E000C1103 /* DeliveryView.swift in Sources */,
				5572C6962728152C00601A69 /* Finewaste.xcdatamodeld in Sources */,
				7D0200C82736703D00D3BB44 /* Message.swift in Sources */,
				7D6DD4AA273956590023E163 /* Image+centerWidthCrop.swift in Sources */,
				7DDD22F227318C7C00250B35 /* ProjectMaterialRequirementView.swift in Sources */,
				7DDD22FC2732C30900250B35 /* ProjectStatusView.swift in Sources */,
				7DDD22A3272FD84200250B35 /* ProjectRepository.swift in Sources */,
				7D914351273596E100B89F98 /* ProjectStatusViewModel.swift in Sources */,
				55B6040B272FEA4700631004 /* LoginView.swift in Sources */,
				551DD88D273302C300E550AF /* ProjectViewModel.swift in Sources */,
				7D91434B2734FA9D00B89F98 /* Conversation.swift in Sources */,
				5572C6932728152C00601A69 /* Persistence.swift in Sources */,
				7D0200CE2736708D00D3BB44 /* ProjectUpdate.swift in Sources */,
				7DDD23012732CC4900250B35 /* ProjectUpdateCard.swift in Sources */,
				55B6044C27304F0300631004 /* HomeView.swift in Sources */,
				7D0200DC2736DBE300D3BB44 /* ProjectUpdateRepository.swift in Sources */,
				7D0200EC2737850B00D3BB44 /* PostProjectUpdateView.swift in Sources */,
				7D0200D82736D11C00D3BB44 /* CloudFunctionTrigger.swift in Sources */,
				7DDD22DA2730EBBA00250B35 /* ProjectDetailView.swift in Sources */,
				55B6044C27304F0300631004 /* HomeView.swift in Sources */,
				5572C68C2728152900601A69 /* ContentView.swift in Sources */,
				7D0200F82737B8B200D3BB44 /* PostProjectUpdateViewModel.swift in Sources */,
				551DD8902733037E00E550AF /* MainProjectView.swift in Sources */,
				7D0200F0273796B600D3BB44 /* FinewasteImagePicker.swift in Sources */,
				551DD8892732A2DF00E550AF /* Users.swift in Sources */,
				7D9143492734F9A700B89F98 /* User.swift in Sources */,
				7DDD22F627319FB700250B35 /* ProjectImageCarouselView.swift in Sources */,
				7D0200C627366EF900D3BB44 /* ContributionMaterial.swift in Sources */,
				7DDD22E32731136F00250B35 /* FinewasteButtonFill.swift in Sources */,
				7DDD22FA2732C23600250B35 /* ProjectOwnerView.swift in Sources */,
				7D0200E72737838000D3BB44 /* FinewasteButtonOutline.swift in Sources */,
				7DDD22CC27303CF100250B35 /* Fonts.swift in Sources */,
				7D91434F273590C700B89F98 /* ProjectMaterialRepository.swift in Sources */,
				7D0200D32736C2F800D3BB44 /* ContributionRepository.swift in Sources */,
				7DDD22EC273137A700250B35 /* ProjectAboutView.swift in Sources */,
				7DDD2293272FD53500250B35 /* Project.swift in Sources */,
				7D0200D52736C74500D3BB44 /* ContributionMaterialRepository.swift in Sources */,
				7D0200CC2736707600D3BB44 /* ProjectMaterial.swift in Sources */,
				7DDD22E12730EC7800250B35 /* ProjectNavigationBar.swift in Sources */,
				7DDD22F82732767800250B35 /* ImagePageIndicatorView.swift in Sources */,
				7DDD22F427318CF900250B35 /* ProjectStoryView.swift in Sources */,
				7D91434D273507DA00B89F98 /* Contribution.swift in Sources */,
				7DDD22F027313E1F00250B35 /* FinewasteRoundedOutlineButton.swift in Sources */,
				7DDD22EE273137D700250B35 /* ProjectUpdateView.swift in Sources */,
				7D0200E12737762700D3BB44 /* View+retrieveScrollPosition.swift in Sources */,
				7D0200C22736356500D3BB44 /* CLLocation+fetchShortLocation.swift in Sources */,
				7D0200F52737A86B00D3BB44 /* NativeImagePicker.swift in Sources */,
				7D0200F32737A76D00D3BB44 /* AddImageView.swift in Sources */,
				5572C68A2728152900601A69 /* FinewasteApp.swift in Sources */,
				551DD8932735144500E550AF /* OnboardingViewModel.swift in Sources */,
				55B6040F273047FC00631004 /* UserInfo.swift in Sources */,
				551DD88727329E7A00E550AF /* LoginHelper.swift in Sources */,
				55B604572731302F00631004 /* OnboardingView.swift in Sources */,
				55B6040D272FEA6800631004 /* LoginViewModel.swift in Sources */,
				7D339EC92733D6240023BFDB /* NavigationBackButton.swift in Sources */,
				7D339EC52733D3CE0023BFDB /* ImageGalleryView.swift in Sources */,
				00FE22CA2733DBEB00EF306A /* AddMaterialView.swift in Sources */,
				00E7704A27327AC300C9C299 /* showImagePicker.swift in Sources */,
				00C18B57273298C5000C1103 /* MaterialView.swift in Sources */,
			);
			runOnlyForDeploymentPostprocessing = 0;
		};
		5572C6972728152C00601A69 /* Sources */ = {
			isa = PBXSourcesBuildPhase;
			buildActionMask = 2147483647;
			files = (
				5572C6A02728152C00601A69 /* FinewasteTests.swift in Sources */,
			);
			runOnlyForDeploymentPostprocessing = 0;
		};
		5572C6A12728152C00601A69 /* Sources */ = {
			isa = PBXSourcesBuildPhase;
			buildActionMask = 2147483647;
			files = (
				5572C6AA2728152C00601A69 /* FinewasteUITests.swift in Sources */,
				5572C6AC2728152C00601A69 /* FinewasteUITestsLaunchTests.swift in Sources */,
			);
			runOnlyForDeploymentPostprocessing = 0;
		};
/* End PBXSourcesBuildPhase section */

/* Begin PBXTargetDependency section */
		5572C69D2728152C00601A69 /* PBXTargetDependency */ = {
			isa = PBXTargetDependency;
			target = 5572C6852728152900601A69 /* Finewaste */;
			targetProxy = 5572C69C2728152C00601A69 /* PBXContainerItemProxy */;
		};
		5572C6A72728152C00601A69 /* PBXTargetDependency */ = {
			isa = PBXTargetDependency;
			target = 5572C6852728152900601A69 /* Finewaste */;
			targetProxy = 5572C6A62728152C00601A69 /* PBXContainerItemProxy */;
		};
/* End PBXTargetDependency section */

/* Begin XCBuildConfiguration section */
		5572C6AD2728152C00601A69 /* Debug */ = {
			isa = XCBuildConfiguration;
			buildSettings = {
				ALWAYS_SEARCH_USER_PATHS = NO;
				CLANG_ANALYZER_NONNULL = YES;
				CLANG_ANALYZER_NUMBER_OBJECT_CONVERSION = YES_AGGRESSIVE;
				CLANG_CXX_LANGUAGE_STANDARD = "gnu++17";
				CLANG_CXX_LIBRARY = "libc++";
				CLANG_ENABLE_MODULES = YES;
				CLANG_ENABLE_OBJC_ARC = YES;
				CLANG_ENABLE_OBJC_WEAK = YES;
				CLANG_WARN_BLOCK_CAPTURE_AUTORELEASING = YES;
				CLANG_WARN_BOOL_CONVERSION = YES;
				CLANG_WARN_COMMA = YES;
				CLANG_WARN_CONSTANT_CONVERSION = YES;
				CLANG_WARN_DEPRECATED_OBJC_IMPLEMENTATIONS = YES;
				CLANG_WARN_DIRECT_OBJC_ISA_USAGE = YES_ERROR;
				CLANG_WARN_DOCUMENTATION_COMMENTS = YES;
				CLANG_WARN_EMPTY_BODY = YES;
				CLANG_WARN_ENUM_CONVERSION = YES;
				CLANG_WARN_INFINITE_RECURSION = YES;
				CLANG_WARN_INT_CONVERSION = YES;
				CLANG_WARN_NON_LITERAL_NULL_CONVERSION = YES;
				CLANG_WARN_OBJC_IMPLICIT_RETAIN_SELF = YES;
				CLANG_WARN_OBJC_LITERAL_CONVERSION = YES;
				CLANG_WARN_OBJC_ROOT_CLASS = YES_ERROR;
				CLANG_WARN_QUOTED_INCLUDE_IN_FRAMEWORK_HEADER = YES;
				CLANG_WARN_RANGE_LOOP_ANALYSIS = YES;
				CLANG_WARN_STRICT_PROTOTYPES = YES;
				CLANG_WARN_SUSPICIOUS_MOVE = YES;
				CLANG_WARN_UNGUARDED_AVAILABILITY = YES_AGGRESSIVE;
				CLANG_WARN_UNREACHABLE_CODE = YES;
				CLANG_WARN__DUPLICATE_METHOD_MATCH = YES;
				COPY_PHASE_STRIP = NO;
				DEBUG_INFORMATION_FORMAT = dwarf;
				ENABLE_STRICT_OBJC_MSGSEND = YES;
				ENABLE_TESTABILITY = YES;
				GCC_C_LANGUAGE_STANDARD = gnu11;
				GCC_DYNAMIC_NO_PIC = NO;
				GCC_NO_COMMON_BLOCKS = YES;
				GCC_OPTIMIZATION_LEVEL = 0;
				GCC_PREPROCESSOR_DEFINITIONS = (
					"DEBUG=1",
					"$(inherited)",
				);
				GCC_WARN_64_TO_32_BIT_CONVERSION = YES;
				GCC_WARN_ABOUT_RETURN_TYPE = YES_ERROR;
				GCC_WARN_UNDECLARED_SELECTOR = YES;
				GCC_WARN_UNINITIALIZED_AUTOS = YES_AGGRESSIVE;
				GCC_WARN_UNUSED_FUNCTION = YES;
				GCC_WARN_UNUSED_VARIABLE = YES;
				IPHONEOS_DEPLOYMENT_TARGET = 15.0;
				MTL_ENABLE_DEBUG_INFO = INCLUDE_SOURCE;
				MTL_FAST_MATH = YES;
				ONLY_ACTIVE_ARCH = YES;
				SDKROOT = iphoneos;
				SWIFT_ACTIVE_COMPILATION_CONDITIONS = DEBUG;
				SWIFT_OPTIMIZATION_LEVEL = "-Onone";
			};
			name = Debug;
		};
		5572C6AE2728152C00601A69 /* Release */ = {
			isa = XCBuildConfiguration;
			buildSettings = {
				ALWAYS_SEARCH_USER_PATHS = NO;
				CLANG_ANALYZER_NONNULL = YES;
				CLANG_ANALYZER_NUMBER_OBJECT_CONVERSION = YES_AGGRESSIVE;
				CLANG_CXX_LANGUAGE_STANDARD = "gnu++17";
				CLANG_CXX_LIBRARY = "libc++";
				CLANG_ENABLE_MODULES = YES;
				CLANG_ENABLE_OBJC_ARC = YES;
				CLANG_ENABLE_OBJC_WEAK = YES;
				CLANG_WARN_BLOCK_CAPTURE_AUTORELEASING = YES;
				CLANG_WARN_BOOL_CONVERSION = YES;
				CLANG_WARN_COMMA = YES;
				CLANG_WARN_CONSTANT_CONVERSION = YES;
				CLANG_WARN_DEPRECATED_OBJC_IMPLEMENTATIONS = YES;
				CLANG_WARN_DIRECT_OBJC_ISA_USAGE = YES_ERROR;
				CLANG_WARN_DOCUMENTATION_COMMENTS = YES;
				CLANG_WARN_EMPTY_BODY = YES;
				CLANG_WARN_ENUM_CONVERSION = YES;
				CLANG_WARN_INFINITE_RECURSION = YES;
				CLANG_WARN_INT_CONVERSION = YES;
				CLANG_WARN_NON_LITERAL_NULL_CONVERSION = YES;
				CLANG_WARN_OBJC_IMPLICIT_RETAIN_SELF = YES;
				CLANG_WARN_OBJC_LITERAL_CONVERSION = YES;
				CLANG_WARN_OBJC_ROOT_CLASS = YES_ERROR;
				CLANG_WARN_QUOTED_INCLUDE_IN_FRAMEWORK_HEADER = YES;
				CLANG_WARN_RANGE_LOOP_ANALYSIS = YES;
				CLANG_WARN_STRICT_PROTOTYPES = YES;
				CLANG_WARN_SUSPICIOUS_MOVE = YES;
				CLANG_WARN_UNGUARDED_AVAILABILITY = YES_AGGRESSIVE;
				CLANG_WARN_UNREACHABLE_CODE = YES;
				CLANG_WARN__DUPLICATE_METHOD_MATCH = YES;
				COPY_PHASE_STRIP = NO;
				DEBUG_INFORMATION_FORMAT = "dwarf-with-dsym";
				ENABLE_NS_ASSERTIONS = NO;
				ENABLE_STRICT_OBJC_MSGSEND = YES;
				GCC_C_LANGUAGE_STANDARD = gnu11;
				GCC_NO_COMMON_BLOCKS = YES;
				GCC_WARN_64_TO_32_BIT_CONVERSION = YES;
				GCC_WARN_ABOUT_RETURN_TYPE = YES_ERROR;
				GCC_WARN_UNDECLARED_SELECTOR = YES;
				GCC_WARN_UNINITIALIZED_AUTOS = YES_AGGRESSIVE;
				GCC_WARN_UNUSED_FUNCTION = YES;
				GCC_WARN_UNUSED_VARIABLE = YES;
				IPHONEOS_DEPLOYMENT_TARGET = 15.0;
				MTL_ENABLE_DEBUG_INFO = NO;
				MTL_FAST_MATH = YES;
				SDKROOT = iphoneos;
				SWIFT_COMPILATION_MODE = wholemodule;
				SWIFT_OPTIMIZATION_LEVEL = "-O";
				VALIDATE_PRODUCT = YES;
			};
			name = Release;
		};
		5572C6B02728152D00601A69 /* Debug */ = {
			isa = XCBuildConfiguration;
			baseConfigurationReference = EFE8D9274D283EAA1EAD4DAA /* Pods-Finewaste.debug.xcconfig */;
			buildSettings = {
				ASSETCATALOG_COMPILER_APPICON_NAME = AppIcon;
				ASSETCATALOG_COMPILER_GLOBAL_ACCENT_COLOR_NAME = AccentColor;
				CODE_SIGN_ENTITLEMENTS = Finewaste/Finewaste.entitlements;
				CODE_SIGN_STYLE = Automatic;
				CURRENT_PROJECT_VERSION = 1;
				DEVELOPMENT_ASSET_PATHS = "\"Finewaste/Preview Content\"";
				DEVELOPMENT_TEAM = 6QH35NFSG6;
				ENABLE_PREVIEWS = YES;
				GENERATE_INFOPLIST_FILE = YES;
				INFOPLIST_FILE = Finewaste/Info.plist;
				INFOPLIST_KEY_NSCameraUsageDescription = "Finewaste need a permission to capture your product";
				INFOPLIST_KEY_UIApplicationSceneManifest_Generation = YES;
				INFOPLIST_KEY_UIApplicationSupportsIndirectInputEvents = YES;
				INFOPLIST_KEY_UILaunchScreen_Generation = YES;
				INFOPLIST_KEY_UISupportedInterfaceOrientations_iPad = "UIInterfaceOrientationPortrait UIInterfaceOrientationPortraitUpsideDown UIInterfaceOrientationLandscapeLeft UIInterfaceOrientationLandscapeRight";
				INFOPLIST_KEY_UISupportedInterfaceOrientations_iPhone = "UIInterfaceOrientationPortrait UIInterfaceOrientationLandscapeLeft UIInterfaceOrientationLandscapeRight";
				IPHONEOS_DEPLOYMENT_TARGET = 14.0;
				LD_RUNPATH_SEARCH_PATHS = (
					"$(inherited)",
					"@executable_path/Frameworks",
				);
				MARKETING_VERSION = 1.0;
				PRODUCT_BUNDLE_IDENTIFIER = WeTheX.Finewaste;
				PRODUCT_NAME = "$(TARGET_NAME)";
				SWIFT_EMIT_LOC_STRINGS = YES;
				SWIFT_VERSION = 5.0;
				TARGETED_DEVICE_FAMILY = "1,2";
			};
			name = Debug;
		};
		5572C6B12728152D00601A69 /* Release */ = {
			isa = XCBuildConfiguration;
			baseConfigurationReference = 31A721380256AA037E7CAE8D /* Pods-Finewaste.release.xcconfig */;
			buildSettings = {
				ASSETCATALOG_COMPILER_APPICON_NAME = AppIcon;
				ASSETCATALOG_COMPILER_GLOBAL_ACCENT_COLOR_NAME = AccentColor;
				CODE_SIGN_ENTITLEMENTS = Finewaste/Finewaste.entitlements;
				CODE_SIGN_STYLE = Automatic;
				CURRENT_PROJECT_VERSION = 1;
				DEVELOPMENT_ASSET_PATHS = "\"Finewaste/Preview Content\"";
				DEVELOPMENT_TEAM = 6QH35NFSG6;
				ENABLE_PREVIEWS = YES;
				GENERATE_INFOPLIST_FILE = YES;
				INFOPLIST_FILE = Finewaste/Info.plist;
				INFOPLIST_KEY_NSCameraUsageDescription = "Finewaste need a permission to capture your product";
				INFOPLIST_KEY_UIApplicationSceneManifest_Generation = YES;
				INFOPLIST_KEY_UIApplicationSupportsIndirectInputEvents = YES;
				INFOPLIST_KEY_UILaunchScreen_Generation = YES;
				INFOPLIST_KEY_UISupportedInterfaceOrientations_iPad = "UIInterfaceOrientationPortrait UIInterfaceOrientationPortraitUpsideDown UIInterfaceOrientationLandscapeLeft UIInterfaceOrientationLandscapeRight";
				INFOPLIST_KEY_UISupportedInterfaceOrientations_iPhone = "UIInterfaceOrientationPortrait UIInterfaceOrientationLandscapeLeft UIInterfaceOrientationLandscapeRight";
				IPHONEOS_DEPLOYMENT_TARGET = 14.0;
				LD_RUNPATH_SEARCH_PATHS = (
					"$(inherited)",
					"@executable_path/Frameworks",
				);
				MARKETING_VERSION = 1.0;
				PRODUCT_BUNDLE_IDENTIFIER = WeTheX.Finewaste;
				PRODUCT_NAME = "$(TARGET_NAME)";
				SWIFT_EMIT_LOC_STRINGS = YES;
				SWIFT_VERSION = 5.0;
				TARGETED_DEVICE_FAMILY = "1,2";
			};
			name = Release;
		};
		5572C6B32728152D00601A69 /* Debug */ = {
			isa = XCBuildConfiguration;
			baseConfigurationReference = 91615283BDD8D1B26DF96862 /* Pods-FinewasteTests.debug.xcconfig */;
			buildSettings = {
				ALWAYS_EMBED_SWIFT_STANDARD_LIBRARIES = YES;
				BUNDLE_LOADER = "$(TEST_HOST)";
				CODE_SIGN_STYLE = Automatic;
				CURRENT_PROJECT_VERSION = 1;
				DEVELOPMENT_TEAM = 6QH35NFSG6;
				GENERATE_INFOPLIST_FILE = YES;
				IPHONEOS_DEPLOYMENT_TARGET = 14.0;
				LD_RUNPATH_SEARCH_PATHS = (
					"$(inherited)",
					"@executable_path/Frameworks",
					"@loader_path/Frameworks",
				);
				MARKETING_VERSION = 1.0;
				PRODUCT_BUNDLE_IDENTIFIER = WeTheX.FinewasteTests;
				PRODUCT_NAME = "$(TARGET_NAME)";
				SWIFT_EMIT_LOC_STRINGS = NO;
				SWIFT_VERSION = 5.0;
				TARGETED_DEVICE_FAMILY = "1,2";
				TEST_HOST = "$(BUILT_PRODUCTS_DIR)/Finewaste.app/Finewaste";
			};
			name = Debug;
		};
		5572C6B42728152D00601A69 /* Release */ = {
			isa = XCBuildConfiguration;
			baseConfigurationReference = 2DF683434FDB618D22EE5487 /* Pods-FinewasteTests.release.xcconfig */;
			buildSettings = {
				ALWAYS_EMBED_SWIFT_STANDARD_LIBRARIES = YES;
				BUNDLE_LOADER = "$(TEST_HOST)";
				CODE_SIGN_STYLE = Automatic;
				CURRENT_PROJECT_VERSION = 1;
				DEVELOPMENT_TEAM = 6QH35NFSG6;
				GENERATE_INFOPLIST_FILE = YES;
				IPHONEOS_DEPLOYMENT_TARGET = 14.0;
				LD_RUNPATH_SEARCH_PATHS = (
					"$(inherited)",
					"@executable_path/Frameworks",
					"@loader_path/Frameworks",
				);
				MARKETING_VERSION = 1.0;
				PRODUCT_BUNDLE_IDENTIFIER = WeTheX.FinewasteTests;
				PRODUCT_NAME = "$(TARGET_NAME)";
				SWIFT_EMIT_LOC_STRINGS = NO;
				SWIFT_VERSION = 5.0;
				TARGETED_DEVICE_FAMILY = "1,2";
				TEST_HOST = "$(BUILT_PRODUCTS_DIR)/Finewaste.app/Finewaste";
			};
			name = Release;
		};
		5572C6B62728152D00601A69 /* Debug */ = {
			isa = XCBuildConfiguration;
			buildSettings = {
				ALWAYS_EMBED_SWIFT_STANDARD_LIBRARIES = YES;
				CODE_SIGN_STYLE = Automatic;
				CURRENT_PROJECT_VERSION = 1;
				DEVELOPMENT_TEAM = 6QH35NFSG6;
				GENERATE_INFOPLIST_FILE = YES;
				LD_RUNPATH_SEARCH_PATHS = (
					"$(inherited)",
					"@executable_path/Frameworks",
					"@loader_path/Frameworks",
				);
				MARKETING_VERSION = 1.0;
				PRODUCT_BUNDLE_IDENTIFIER = WeTheX.FinewasteUITests;
				PRODUCT_NAME = "$(TARGET_NAME)";
				SWIFT_EMIT_LOC_STRINGS = NO;
				SWIFT_VERSION = 5.0;
				TARGETED_DEVICE_FAMILY = "1,2";
				TEST_TARGET_NAME = Finewaste;
			};
			name = Debug;
		};
		5572C6B72728152D00601A69 /* Release */ = {
			isa = XCBuildConfiguration;
			buildSettings = {
				ALWAYS_EMBED_SWIFT_STANDARD_LIBRARIES = YES;
				CODE_SIGN_STYLE = Automatic;
				CURRENT_PROJECT_VERSION = 1;
				DEVELOPMENT_TEAM = 6QH35NFSG6;
				GENERATE_INFOPLIST_FILE = YES;
				LD_RUNPATH_SEARCH_PATHS = (
					"$(inherited)",
					"@executable_path/Frameworks",
					"@loader_path/Frameworks",
				);
				MARKETING_VERSION = 1.0;
				PRODUCT_BUNDLE_IDENTIFIER = WeTheX.FinewasteUITests;
				PRODUCT_NAME = "$(TARGET_NAME)";
				SWIFT_EMIT_LOC_STRINGS = NO;
				SWIFT_VERSION = 5.0;
				TARGETED_DEVICE_FAMILY = "1,2";
				TEST_TARGET_NAME = Finewaste;
			};
			name = Release;
		};
/* End XCBuildConfiguration section */

/* Begin XCConfigurationList section */
		5572C6812728152900601A69 /* Build configuration list for PBXProject "Finewaste" */ = {
			isa = XCConfigurationList;
			buildConfigurations = (
				5572C6AD2728152C00601A69 /* Debug */,
				5572C6AE2728152C00601A69 /* Release */,
			);
			defaultConfigurationIsVisible = 0;
			defaultConfigurationName = Release;
		};
		5572C6AF2728152D00601A69 /* Build configuration list for PBXNativeTarget "Finewaste" */ = {
			isa = XCConfigurationList;
			buildConfigurations = (
				5572C6B02728152D00601A69 /* Debug */,
				5572C6B12728152D00601A69 /* Release */,
			);
			defaultConfigurationIsVisible = 0;
			defaultConfigurationName = Release;
		};
		5572C6B22728152D00601A69 /* Build configuration list for PBXNativeTarget "FinewasteTests" */ = {
			isa = XCConfigurationList;
			buildConfigurations = (
				5572C6B32728152D00601A69 /* Debug */,
				5572C6B42728152D00601A69 /* Release */,
			);
			defaultConfigurationIsVisible = 0;
			defaultConfigurationName = Release;
		};
		5572C6B52728152D00601A69 /* Build configuration list for PBXNativeTarget "FinewasteUITests" */ = {
			isa = XCConfigurationList;
			buildConfigurations = (
				5572C6B62728152D00601A69 /* Debug */,
				5572C6B72728152D00601A69 /* Release */,
			);
			defaultConfigurationIsVisible = 0;
			defaultConfigurationName = Release;
		};
/* End XCConfigurationList section */

/* Begin XCVersionGroup section */
		5572C6942728152C00601A69 /* Finewaste.xcdatamodeld */ = {
			isa = XCVersionGroup;
			children = (
				5572C6952728152C00601A69 /* Finewaste.xcdatamodel */,
			);
			currentVersion = 5572C6952728152C00601A69 /* Finewaste.xcdatamodel */;
			path = Finewaste.xcdatamodeld;
			sourceTree = "<group>";
			versionGroupType = wrapper.xcdatamodel;
		};
/* End XCVersionGroup section */
	};
	rootObject = 5572C67E2728152900601A69 /* Project object */;
}
